
Microsoft Visual Studio Solution File, Format Version 12.00
# Visual Studio Version 17
VisualStudioVersion = 17.5.002.0
MinimumVisualStudioVersion = 10.0.40219.1
Project("{2150E333-8FDC-42A3-9474-1A3956D46DE8}") = "week01", "week01", "{6183D03E-AADD-4E0F-A3C8-2403ABB92D67}"
EndProject
Project("{9A19103F-16F7-4668-BE54-9A1E7A4F7556}") = "code", "week01\code\code.csproj", "{66860D5E-A7FC-491B-9EC0-7E41F180C8C4}"
EndProject
Project("{9A19103F-16F7-4668-BE54-9A1E7A4F7556}") = "analyze", "week01\analyze\analyze.csproj", "{336B5DBB-8A4F-4002-9722-1A45666EE7CB}"
EndProject
Project("{9A19103F-16F7-4668-BE54-9A1E7A4F7556}") = "teach", "week01\teach\teach.csproj", "{BB456681-E0BD-4B30-8AA4-951E05434EDE}"
EndProject
Project("{2150E333-8FDC-42A3-9474-1A3956D46DE8}") = "week06", "week06", "{3055C543-E7E8-45EA-92B6-CF306DEA611C}"
EndProject
Project("{9A19103F-16F7-4668-BE54-9A1E7A4F7556}") = "code", "week06\code\code.csproj", "{82B5963A-410D-4974-BBAB-60658FFBBC97}"
EndProject
Project("{2150E333-8FDC-42A3-9474-1A3956D46DE8}") = "sandbox", "sandbox", "{FEEFA17C-20BD-4846-A49F-140C7D30C824}"
EndProject
Project("{9A19103F-16F7-4668-BE54-9A1E7A4F7556}") = "sandbox_project", "sandbox\sandbox_project\sandbox_project.csproj", "{ACDB8416-4A9C-4558-8978-21AC73EB6092}"
EndProject
Project("{2150E333-8FDC-42A3-9474-1A3956D46DE8}") = "week05", "week05", "{02E9F706-A7DB-4684-91D6-48E1B4CF7560}"
EndProject
Project("{9A19103F-16F7-4668-BE54-9A1E7A4F7556}") = "code", "week05\code\code.csproj", "{885D1B49-099F-4833-A7E0-480161DAD8B5}"
EndProject
Project("{2150E333-8FDC-42A3-9474-1A3956D46DE8}") = "week02", "week02", "{CAD8F702-9B56-4437-9525-F7D9340AA625}"
EndProject
Project("{9A19103F-16F7-4668-BE54-9A1E7A4F7556}") = "learn", "week02\learn\learn.csproj", "{FD4EA698-804D-4C27-A991-F010760245DF}"
EndProject
Project("{9A19103F-16F7-4668-BE54-9A1E7A4F7556}") = "code", "week02\code\code.csproj", "{A5AE5369-058A-43ED-9D2D-745B655F98E6}"
EndProject
Project("{9A19103F-16F7-4668-BE54-9A1E7A4F7556}") = "analyze", "week02\analyze\analyze.csproj", "{D38E7C81-4EBF-4C98-B32A-2E2B635A18A9}"
EndProject
Project("{9A19103F-16F7-4668-BE54-9A1E7A4F7556}") = "teach", "week02\teach\teach.csproj", "{4793D0A9-C8AC-41DB-ADFA-367B64FC256D}"
EndProject
Project("{2150E333-8FDC-42A3-9474-1A3956D46DE8}") = "week03", "week03", "{BB37FC89-66F5-4855-8906-73EE8E828031}"
EndProject
Project("{9A19103F-16F7-4668-BE54-9A1E7A4F7556}") = "learn", "week03\learn\learn.csproj", "{E4BAF09C-62AD-43F6-AF96-6728E318CD81}"
EndProject
Project("{9A19103F-16F7-4668-BE54-9A1E7A4F7556}") = "code", "week03\code\code.csproj", "{F503B9BC-C996-4F52-9D02-85065641CD08}"
EndProject
Project("{9A19103F-16F7-4668-BE54-9A1E7A4F7556}") = "teach", "week03\teach\teach.csproj", "{B11F8DA3-423F-431E-A654-4E5AF15D53DB}"
EndProject
Project("{2150E333-8FDC-42A3-9474-1A3956D46DE8}") = "week04", "week04", "{5508342B-5A34-4936-8445-0C8B5071A19D}"
EndProject
Project("{9A19103F-16F7-4668-BE54-9A1E7A4F7556}") = "code", "week04\code\code.csproj", "{19D8FC60-FDE2-4EA9-B0EB-09DA4D487860}"
EndProject
Global
	GlobalSection(SolutionConfigurationPlatforms) = preSolution
		Debug|Any CPU = Debug|Any CPU
		Release|Any CPU = Release|Any CPU
	EndGlobalSection
	GlobalSection(ProjectConfigurationPlatforms) = postSolution
		{66860D5E-A7FC-491B-9EC0-7E41F180C8C4}.Debug|Any CPU.ActiveCfg = Debug|Any CPU
		{66860D5E-A7FC-491B-9EC0-7E41F180C8C4}.Debug|Any CPU.Build.0 = Debug|Any CPU
		{66860D5E-A7FC-491B-9EC0-7E41F180C8C4}.Release|Any CPU.ActiveCfg = Release|Any CPU
		{66860D5E-A7FC-491B-9EC0-7E41F180C8C4}.Release|Any CPU.Build.0 = Release|Any CPU
		{336B5DBB-8A4F-4002-9722-1A45666EE7CB}.Debug|Any CPU.ActiveCfg = Debug|Any CPU
		{336B5DBB-8A4F-4002-9722-1A45666EE7CB}.Debug|Any CPU.Build.0 = Debug|Any CPU
		{336B5DBB-8A4F-4002-9722-1A45666EE7CB}.Release|Any CPU.ActiveCfg = Release|Any CPU
		{336B5DBB-8A4F-4002-9722-1A45666EE7CB}.Release|Any CPU.Build.0 = Release|Any CPU
		{BB456681-E0BD-4B30-8AA4-951E05434EDE}.Debug|Any CPU.ActiveCfg = Debug|Any CPU
		{BB456681-E0BD-4B30-8AA4-951E05434EDE}.Debug|Any CPU.Build.0 = Debug|Any CPU
		{BB456681-E0BD-4B30-8AA4-951E05434EDE}.Release|Any CPU.ActiveCfg = Release|Any CPU
		{BB456681-E0BD-4B30-8AA4-951E05434EDE}.Release|Any CPU.Build.0 = Release|Any CPU
		{82B5963A-410D-4974-BBAB-60658FFBBC97}.Debug|Any CPU.ActiveCfg = Debug|Any CPU
		{82B5963A-410D-4974-BBAB-60658FFBBC97}.Debug|Any CPU.Build.0 = Debug|Any CPU
		{82B5963A-410D-4974-BBAB-60658FFBBC97}.Release|Any CPU.ActiveCfg = Release|Any CPU
		{82B5963A-410D-4974-BBAB-60658FFBBC97}.Release|Any CPU.Build.0 = Release|Any CPU
		{ACDB8416-4A9C-4558-8978-21AC73EB6092}.Debug|Any CPU.ActiveCfg = Debug|Any CPU
		{ACDB8416-4A9C-4558-8978-21AC73EB6092}.Debug|Any CPU.Build.0 = Debug|Any CPU
		{ACDB8416-4A9C-4558-8978-21AC73EB6092}.Release|Any CPU.ActiveCfg = Release|Any CPU
		{ACDB8416-4A9C-4558-8978-21AC73EB6092}.Release|Any CPU.Build.0 = Release|Any CPU
		{885D1B49-099F-4833-A7E0-480161DAD8B5}.Debug|Any CPU.ActiveCfg = Debug|Any CPU
		{885D1B49-099F-4833-A7E0-480161DAD8B5}.Debug|Any CPU.Build.0 = Debug|Any CPU
		{885D1B49-099F-4833-A7E0-480161DAD8B5}.Release|Any CPU.ActiveCfg = Release|Any CPU
		{885D1B49-099F-4833-A7E0-480161DAD8B5}.Release|Any CPU.Build.0 = Release|Any CPU
		{FD4EA698-804D-4C27-A991-F010760245DF}.Debug|Any CPU.ActiveCfg = Debug|Any CPU
		{FD4EA698-804D-4C27-A991-F010760245DF}.Debug|Any CPU.Build.0 = Debug|Any CPU
		{FD4EA698-804D-4C27-A991-F010760245DF}.Release|Any CPU.ActiveCfg = Release|Any CPU
		{FD4EA698-804D-4C27-A991-F010760245DF}.Release|Any CPU.Build.0 = Release|Any CPU
		{A5AE5369-058A-43ED-9D2D-745B655F98E6}.Debug|Any CPU.ActiveCfg = Debug|Any CPU
		{A5AE5369-058A-43ED-9D2D-745B655F98E6}.Debug|Any CPU.Build.0 = Debug|Any CPU
		{A5AE5369-058A-43ED-9D2D-745B655F98E6}.Release|Any CPU.ActiveCfg = Release|Any CPU
		{A5AE5369-058A-43ED-9D2D-745B655F98E6}.Release|Any CPU.Build.0 = Release|Any CPU
		{D38E7C81-4EBF-4C98-B32A-2E2B635A18A9}.Debug|Any CPU.ActiveCfg = Debug|Any CPU
		{D38E7C81-4EBF-4C98-B32A-2E2B635A18A9}.Debug|Any CPU.Build.0 = Debug|Any CPU
		{D38E7C81-4EBF-4C98-B32A-2E2B635A18A9}.Release|Any CPU.ActiveCfg = Release|Any CPU
		{D38E7C81-4EBF-4C98-B32A-2E2B635A18A9}.Release|Any CPU.Build.0 = Release|Any CPU
		{4793D0A9-C8AC-41DB-ADFA-367B64FC256D}.Debug|Any CPU.ActiveCfg = Debug|Any CPU
		{4793D0A9-C8AC-41DB-ADFA-367B64FC256D}.Debug|Any CPU.Build.0 = Debug|Any CPU
		{4793D0A9-C8AC-41DB-ADFA-367B64FC256D}.Release|Any CPU.ActiveCfg = Release|Any CPU
		{4793D0A9-C8AC-41DB-ADFA-367B64FC256D}.Release|Any CPU.Build.0 = Release|Any CPU
		{E4BAF09C-62AD-43F6-AF96-6728E318CD81}.Debug|Any CPU.ActiveCfg = Debug|Any CPU
		{E4BAF09C-62AD-43F6-AF96-6728E318CD81}.Debug|Any CPU.Build.0 = Debug|Any CPU
		{E4BAF09C-62AD-43F6-AF96-6728E318CD81}.Release|Any CPU.ActiveCfg = Release|Any CPU
		{E4BAF09C-62AD-43F6-AF96-6728E318CD81}.Release|Any CPU.Build.0 = Release|Any CPU
		{F503B9BC-C996-4F52-9D02-85065641CD08}.Debug|Any CPU.ActiveCfg = Debug|Any CPU
		{F503B9BC-C996-4F52-9D02-85065641CD08}.Debug|Any CPU.Build.0 = Debug|Any CPU
		{F503B9BC-C996-4F52-9D02-85065641CD08}.Release|Any CPU.ActiveCfg = Release|Any CPU
		{F503B9BC-C996-4F52-9D02-85065641CD08}.Release|Any CPU.Build.0 = Release|Any CPU
		{B11F8DA3-423F-431E-A654-4E5AF15D53DB}.Debug|Any CPU.ActiveCfg = Debug|Any CPU
		{B11F8DA3-423F-431E-A654-4E5AF15D53DB}.Debug|Any CPU.Build.0 = Debug|Any CPU
		{B11F8DA3-423F-431E-A654-4E5AF15D53DB}.Release|Any CPU.ActiveCfg = Release|Any CPU
		{B11F8DA3-423F-431E-A654-4E5AF15D53DB}.Release|Any CPU.Build.0 = Release|Any CPU
		{19D8FC60-FDE2-4EA9-B0EB-09DA4D487860}.Debug|Any CPU.ActiveCfg = Debug|Any CPU
		{19D8FC60-FDE2-4EA9-B0EB-09DA4D487860}.Debug|Any CPU.Build.0 = Debug|Any CPU
		{19D8FC60-FDE2-4EA9-B0EB-09DA4D487860}.Release|Any CPU.ActiveCfg = Release|Any CPU
		{19D8FC60-FDE2-4EA9-B0EB-09DA4D487860}.Release|Any CPU.Build.0 = Release|Any CPU
	EndGlobalSection
	GlobalSection(SolutionProperties) = preSolution
		HideSolutionNode = FALSE
	EndGlobalSection
	GlobalSection(NestedProjects) = preSolution
		{66860D5E-A7FC-491B-9EC0-7E41F180C8C4} = {6183D03E-AADD-4E0F-A3C8-2403ABB92D67}
		{336B5DBB-8A4F-4002-9722-1A45666EE7CB} = {6183D03E-AADD-4E0F-A3C8-2403ABB92D67}
		{BB456681-E0BD-4B30-8AA4-951E05434EDE} = {6183D03E-AADD-4E0F-A3C8-2403ABB92D67}
		{82B5963A-410D-4974-BBAB-60658FFBBC97} = {3055C543-E7E8-45EA-92B6-CF306DEA611C}
		{ACDB8416-4A9C-4558-8978-21AC73EB6092} = {FEEFA17C-20BD-4846-A49F-140C7D30C824}
		{885D1B49-099F-4833-A7E0-480161DAD8B5} = {02E9F706-A7DB-4684-91D6-48E1B4CF7560}
		{FD4EA698-804D-4C27-A991-F010760245DF} = {CAD8F702-9B56-4437-9525-F7D9340AA625}
		{A5AE5369-058A-43ED-9D2D-745B655F98E6} = {CAD8F702-9B56-4437-9525-F7D9340AA625}
		{D38E7C81-4EBF-4C98-B32A-2E2B635A18A9} = {CAD8F702-9B56-4437-9525-F7D9340AA625}
		{4793D0A9-C8AC-41DB-ADFA-367B64FC256D} = {CAD8F702-9B56-4437-9525-F7D9340AA625}
		{E4BAF09C-62AD-43F6-AF96-6728E318CD81} = {BB37FC89-66F5-4855-8906-73EE8E828031}
		{F503B9BC-C996-4F52-9D02-85065641CD08} = {BB37FC89-66F5-4855-8906-73EE8E828031}
		{B11F8DA3-423F-431E-A654-4E5AF15D53DB} = {BB37FC89-66F5-4855-8906-73EE8E828031}
		{19D8FC60-FDE2-4EA9-B0EB-09DA4D487860} = {5508342B-5A34-4936-8445-0C8B5071A19D}
	EndGlobalSection
	GlobalSection(ExtensibilityGlobals) = postSolution
		SolutionGuid = {1A9576A5-60CD-4C55-A1D2-0E20172E977F}
	EndGlobalSection
EndGlobal
