
Microsoft Visual Studio Solution File, Format Version 12.00
# Visual Studio Version 17
VisualStudioVersion = 17.5.002.0
MinimumVisualStudioVersion = 10.0.40219.1
Project("{9A19103F-16F7-4668-BE54-9A1E7A4F7556}") = "code", "code.csproj", "{A9EDF58B-EAC5-4F22-B117-9F2AA31BC97F}"
EndProject
Global
	GlobalSection(SolutionConfigurationPlatforms) = preSolution
		Debug|Any CPU = Debug|Any CPU
		Release|Any CPU = Release|Any CPU
	EndGlobalSection
	GlobalSection(ProjectConfigurationPlatforms) = postSolution
		{A9EDF58B-EAC5-4F22-B117-9F2AA31BC97F}.Debug|Any CPU.ActiveCfg = Debug|Any CPU
		{A9EDF58B-EAC5-4F22-B117-9F2AA31BC97F}.Debug|Any CPU.Build.0 = Debug|Any CPU
		{A9EDF58B-EAC5-4F22-B117-9F2AA31BC97F}.Release|Any CPU.ActiveCfg = Release|Any CPU
		{A9EDF58B-EAC5-4F22-B117-9F2AA31BC97F}.Release|Any CPU.Build.0 = Release|Any CPU
	EndGlobalSection
	GlobalSection(SolutionProperties) = preSolution
		HideSolutionNode = FALSE
	EndGlobalSection
	GlobalSection(ExtensibilityGlobals) = postSolution
		SolutionGuid = {1BC72FCD-F113-45AE-8D4A-C9B6D8D9E67A}
	EndGlobalSection
EndGlobal
